{
  "requires": true,
  "lockfileVersion": 1,
  "dependencies": {
    "@cdktf/provider-aws": {
      "version": "0.0.30",
      "resolved": "https://registry.npmjs.org/@cdktf/provider-aws/-/provider-aws-0.0.30.tgz",
      "integrity": "sha512-Htf/a332QNXSk2wnM/p/9W3DXzEdAIdn4MUuBUC5pE1PkCv4QIIZPmXYtquCvITzLri73URjmZ6JV9ifJllCXg=="
    }
  }
}
